
Microsoft Visual Studio Solution File, Format Version 12.00
# Visual Studio Version 17
VisualStudioVersion = 17.5.33414.496
MinimumVisualStudioVersion = 10.0.40219.1
Project("{FAE04EC0-301F-11D3-BF4B-00C04F79EFBC}") = "TD Text edit", "TD Text edit\TD Text edit.csproj", "{748C95C7-732B-4FA2-AC23-BC0A306D67BF}"
EndProject
Global
	GlobalSection(SolutionConfigurationPlatforms) = preSolution
		Debug|Any CPU = Debug|Any CPU
		Release|Any CPU = Release|Any CPU
	EndGlobalSection
	GlobalSection(ProjectConfigurationPlatforms) = postSolution
		{748C95C7-732B-4FA2-AC23-BC0A306D67BF}.Debug|Any CPU.ActiveCfg = Debug|Any CPU
		{748C95C7-732B-4FA2-AC23-BC0A306D67BF}.Debug|Any CPU.Build.0 = Debug|Any CPU
		{748C95C7-732B-4FA2-AC23-BC0A306D67BF}.Release|Any CPU.ActiveCfg = Release|Any CPU
		{748C95C7-732B-4FA2-AC23-BC0A306D67BF}.Release|Any CPU.Build.0 = Release|Any CPU
	EndGlobalSection
	GlobalSection(SolutionProperties) = preSolution
		HideSolutionNode = FALSE
	EndGlobalSection
	GlobalSection(ExtensibilityGlobals) = postSolution
		SolutionGuid = {8D02D72E-4C2A-44DD-B957-CD3D450A94D4}
	EndGlobalSection
EndGlobal
